version = 1
revision = 3
requires-python = "==3.12.*"

[[package]]
name = "backports-strenum"
version = "1.2.8"
source = { registry = "https://pypi.org/simple" }
sdist = { url = "https://files.pythonhosted.org/packages/57/f1/611f9ce7f5ede2e8156d3bc6cd2c62a7f2ff07d73b948925da84785cf331/backports_strenum-1.2.8.tar.gz", hash = "sha256:4dd47365fd427ac8028aeb1ad3628ea38e67c4d0336ceebd5c0f113e0c487ce9", size = 7110, upload-time = "2023-09-19T16:10:33.042Z" }
wheels = [
    { url = "https://files.pythonhosted.org/packages/bd/d0/a70b2e038cdab32ed2dbbf06d292d010fc208508bb187714306a87384c54/backports_strenum-1.2.8-py3-none-any.whl", hash = "sha256:fc297cb26971f7d5e15a478a06a78575197f81daea47975771b1aae996dcccf4", size = 7862, upload-time = "2023-09-19T16:10:31.827Z" },
]

[[package]]
name = "backports-tarfile"
version = "1.2.0"
source = { registry = "https://pypi.org/simple" }
sdist = { url = "https://files.pythonhosted.org/packages/86/72/cd9b395f25e290e633655a100af28cb253e4393396264a98bd5f5951d50f/backports_tarfile-1.2.0.tar.gz", hash = "sha256:d75e02c268746e1b8144c278978b6e98e85de6ad16f8e4b0844a154557eca991", size = 86406, upload-time = "2024-05-28T17:01:54.731Z" }
wheels = [
    { url = "https://files.pythonhosted.org/packages/b9/fa/123043af240e49752f1c4bd24da5053b6bd00cad78c2be53c0d1e8b975bc/backports.tarfile-1.2.0-py3-none-any.whl", hash = "sha256:77e284d754527b01fb1e6fa8a1afe577858ebe4e9dad8919e34c862cb399bc34", size = 30181, upload-time = "2024-05-28T17:01:53.112Z" },
]

[[package]]
name = "colorama"
version = "0.4.6"
source = { registry = "https://pypi.org/simple" }
sdist = { url = "https://files.pythonhosted.org/packages/d8/53/6f443c9a4a8358a93a6792e2acffb9d9d5cb0a5cfd8802644b7b1c9a02e4/colorama-0.4.6.tar.gz", hash = "sha256:08695f5cb7ed6e0531a20572697297273c47b8cae5a63ffc6d6ed5c201be6e44", size = 27697, upload-time = "2022-10-25T02:36:22.414Z" }
wheels = [
    { url = "https://files.pythonhosted.org/packages/d1/d6/3965ed04c63042e047cb6a3e6ed1a63a35087b6a609aa3a15ed8ac56c221/colorama-0.4.6-py2.py3-none-any.whl", hash = "sha256:4f1d9991f5acc0ca119f9d443620b77f9d6b33703e51011c16baf57afb285fc6", size = 25335, upload-time = "2022-10-25T02:36:20.889Z" },
]

[[package]]
name = "google-crc32c"
version = "1.7.1"
source = { registry = "https://pypi.org/simple" }
sdist = { url = "https://files.pythonhosted.org/packages/19/ae/87802e6d9f9d69adfaedfcfd599266bf386a54d0be058b532d04c794f76d/google_crc32c-1.7.1.tar.gz", hash = "sha256:2bff2305f98846f3e825dbeec9ee406f89da7962accdb29356e4eadc251bd472", size = 14495, upload-time = "2025-03-26T14:29:13.32Z" }
wheels = [
    { url = "https://files.pythonhosted.org/packages/dd/b7/787e2453cf8639c94b3d06c9d61f512234a82e1d12d13d18584bd3049904/google_crc32c-1.7.1-cp312-cp312-macosx_12_0_arm64.whl", hash = "sha256:2d73a68a653c57281401871dd4aeebbb6af3191dcac751a76ce430df4d403194", size = 30470, upload-time = "2025-03-26T14:34:31.655Z" },
    { url = "https://files.pythonhosted.org/packages/ed/b4/6042c2b0cbac3ec3a69bb4c49b28d2f517b7a0f4a0232603c42c58e22b44/google_crc32c-1.7.1-cp312-cp312-macosx_12_0_x86_64.whl", hash = "sha256:22beacf83baaf59f9d3ab2bbb4db0fb018da8e5aebdce07ef9f09fce8220285e", size = 30315, upload-time = "2025-03-26T15:01:54.634Z" },
    { url = "https://files.pythonhosted.org/packages/29/ad/01e7a61a5d059bc57b702d9ff6a18b2585ad97f720bd0a0dbe215df1ab0e/google_crc32c-1.7.1-cp312-cp312-manylinux_2_17_aarch64.manylinux2014_aarch64.whl", hash = "sha256:19eafa0e4af11b0a4eb3974483d55d2d77ad1911e6cf6f832e1574f6781fd337", size = 33180, upload-time = "2025-03-26T14:41:32.168Z" },
    { url = "https://files.pythonhosted.org/packages/3b/a5/7279055cf004561894ed3a7bfdf5bf90a53f28fadd01af7cd166e88ddf16/google_crc32c-1.7.1-cp312-cp312-manylinux_2_17_x86_64.manylinux2014_x86_64.whl", hash = "sha256:b6d86616faaea68101195c6bdc40c494e4d76f41e07a37ffdef270879c15fb65", size = 32794, upload-time = "2025-03-26T14:41:33.264Z" },
    { url = "https://files.pythonhosted.org/packages/0f/d6/77060dbd140c624e42ae3ece3df53b9d811000729a5c821b9fd671ceaac6/google_crc32c-1.7.1-cp312-cp312-win_amd64.whl", hash = "sha256:b7491bdc0c7564fcf48c0179d2048ab2f7c7ba36b84ccd3a3e1c3f7a72d3bba6", size = 33477, upload-time = "2025-03-26T14:29:10.94Z" },
]

[[package]]
name = "py-image"
version = "0.0.0"
source = { virtual = "." }
dependencies = [
    { name = "backports-strenum" },
    { name = "backports-tarfile" },
    { name = "colorama" },
    { name = "google-crc32c" },
]

[package.metadata]
requires-dist = [
    { name = "backports-strenum", specifier = "==1.2.8" },
    { name = "backports-tarfile", specifier = "==1.2.0" },
    { name = "colorama", specifier = "==0.4.6" },
    { name = "google-crc32c", specifier = "==1.7.1" },
]
